
Microsoft Visual Studio Solution File, Format Version 12.00
# Visual Studio Version 17
VisualStudioVersion = 17.10.34928.147
MinimumVisualStudioVersion = 10.0.40219.1
Project("{FAE04EC0-301F-11D3-BF4B-00C04F79EFBC}") = "SalesProject", "SalesProject\SalesProject.csproj", "{4F630B77-7835-46EF-8E28-064119043DD1}"
EndProject
Project("{FAE04EC0-301F-11D3-BF4B-00C04F79EFBC}") = "Domain", "Domain\Domain.csproj", "{8441D9AC-802A-49BE-8BD1-DE11D0F76553}"
EndProject
Project("{FAE04EC0-301F-11D3-BF4B-00C04F79EFBC}") = "InfraStructure", "InfraStructure\InfraStructure.csproj", "{92665F20-AD17-40ED-A2C3-2AE3D6EA742F}"
EndProject
Global
	GlobalSection(SolutionConfigurationPlatforms) = preSolution
		Debug|Any CPU = Debug|Any CPU
		Release|Any CPU = Release|Any CPU
	EndGlobalSection
	GlobalSection(ProjectConfigurationPlatforms) = postSolution
		{4F630B77-7835-46EF-8E28-064119043DD1}.Debug|Any CPU.ActiveCfg = Debug|Any CPU
		{4F630B77-7835-46EF-8E28-064119043DD1}.Debug|Any CPU.Build.0 = Debug|Any CPU
		{4F630B77-7835-46EF-8E28-064119043DD1}.Release|Any CPU.ActiveCfg = Release|Any CPU
		{4F630B77-7835-46EF-8E28-064119043DD1}.Release|Any CPU.Build.0 = Release|Any CPU
		{8441D9AC-802A-49BE-8BD1-DE11D0F76553}.Debug|Any CPU.ActiveCfg = Debug|Any CPU
		{8441D9AC-802A-49BE-8BD1-DE11D0F76553}.Debug|Any CPU.Build.0 = Debug|Any CPU
		{8441D9AC-802A-49BE-8BD1-DE11D0F76553}.Release|Any CPU.ActiveCfg = Release|Any CPU
		{8441D9AC-802A-49BE-8BD1-DE11D0F76553}.Release|Any CPU.Build.0 = Release|Any CPU
		{92665F20-AD17-40ED-A2C3-2AE3D6EA742F}.Debug|Any CPU.ActiveCfg = Debug|Any CPU
		{92665F20-AD17-40ED-A2C3-2AE3D6EA742F}.Debug|Any CPU.Build.0 = Debug|Any CPU
		{92665F20-AD17-40ED-A2C3-2AE3D6EA742F}.Release|Any CPU.ActiveCfg = Release|Any CPU
		{92665F20-AD17-40ED-A2C3-2AE3D6EA742F}.Release|Any CPU.Build.0 = Release|Any CPU
	EndGlobalSection
	GlobalSection(SolutionProperties) = preSolution
		HideSolutionNode = FALSE
	EndGlobalSection
	GlobalSection(ExtensibilityGlobals) = postSolution
		SolutionGuid = {C6669D87-D532-466B-810D-8152385CC35D}
	EndGlobalSection
EndGlobal
